
Microsoft Visual Studio Solution File, Format Version 12.00
# Visual Studio Version 16
VisualStudioVersion = 25.0.1700.7
MinimumVisualStudioVersion = 10.0.40219.1
Project("{FAE04EC0-301F-11D3-BF4B-00C04F79EFBC}") = "BookApi", "BookApi\BookApi.csproj", "{2D5271F4-FCA1-44A6-813E-ED5020F85F89}"
EndProject
Global
	GlobalSection(SolutionConfigurationPlatforms) = preSolution
		Debug|Any CPU = Debug|Any CPU
		Release|Any CPU = Release|Any CPU
	EndGlobalSection
	GlobalSection(ProjectConfigurationPlatforms) = postSolution
		{2D5271F4-FCA1-44A6-813E-ED5020F85F89}.Debug|Any CPU.ActiveCfg = Debug|Any CPU
		{2D5271F4-FCA1-44A6-813E-ED5020F85F89}.Debug|Any CPU.Build.0 = Debug|Any CPU
		{2D5271F4-FCA1-44A6-813E-ED5020F85F89}.Release|Any CPU.ActiveCfg = Release|Any CPU
		{2D5271F4-FCA1-44A6-813E-ED5020F85F89}.Release|Any CPU.Build.0 = Release|Any CPU
	EndGlobalSection
	GlobalSection(SolutionProperties) = preSolution
		HideSolutionNode = FALSE
	EndGlobalSection
	GlobalSection(ExtensibilityGlobals) = postSolution
		SolutionGuid = {50FD1E09-B593-4F3E-B8D8-F8430896BD79}
	EndGlobalSection
EndGlobal
